
Microsoft Visual Studio Solution File, Format Version 12.00
# Visual Studio Version 16
VisualStudioVersion = 16.0.30225.117
MinimumVisualStudioVersion = 10.0.40219.1
Project("{FAE04EC0-301F-11D3-BF4B-00C04F79EFBC}") = "prjSISCONT", "prjSISCONT\prjSISCONT.csproj", "{AF5943D4-D791-4EC9-8096-6256BA7674CD}"
EndProject
Global
	GlobalSection(SolutionConfigurationPlatforms) = preSolution
		Debug|Any CPU = Debug|Any CPU
		Release|Any CPU = Release|Any CPU
	EndGlobalSection
	GlobalSection(ProjectConfigurationPlatforms) = postSolution
		{AF5943D4-D791-4EC9-8096-6256BA7674CD}.Debug|Any CPU.ActiveCfg = Debug|Any CPU
		{AF5943D4-D791-4EC9-8096-6256BA7674CD}.Debug|Any CPU.Build.0 = Debug|Any CPU
		{AF5943D4-D791-4EC9-8096-6256BA7674CD}.Release|Any CPU.ActiveCfg = Release|Any CPU
		{AF5943D4-D791-4EC9-8096-6256BA7674CD}.Release|Any CPU.Build.0 = Release|Any CPU
	EndGlobalSection
	GlobalSection(SolutionProperties) = preSolution
		HideSolutionNode = FALSE
	EndGlobalSection
	GlobalSection(ExtensibilityGlobals) = postSolution
		SolutionGuid = {440E7CFD-4200-4E24-8D7B-70BB859DA114}
	EndGlobalSection
EndGlobal
